// !$*UTF8*$!
{
	archiveVersion = 1;
	classes = {
	};
	objectVersion = 56;
	objects = {

/* Begin PBXBuildFile section */
		D73A67C82A9B8CAF00DA5ADE /* AppDelegate.swift in Sources */ = {isa = PBXBuildFile; fileRef = D73A67C72A9B8CAF00DA5ADE /* AppDelegate.swift */; };
		D73A67CA2A9B8CAF00DA5ADE /* SceneDelegate.swift in Sources */ = {isa = PBXBuildFile; fileRef = D73A67C92A9B8CAF00DA5ADE /* SceneDelegate.swift */; };
		D73A67D12A9B8CB000DA5ADE /* Assets.xcassets in Resources */ = {isa = PBXBuildFile; fileRef = D73A67D02A9B8CB000DA5ADE /* Assets.xcassets */; };
		D73A67D42A9B8CB000DA5ADE /* LaunchScreen.storyboard in Resources */ = {isa = PBXBuildFile; fileRef = D73A67D22A9B8CB000DA5ADE /* LaunchScreen.storyboard */; };
		D73A67DE2A9B928C00DA5ADE /* String+Extension.swift in Sources */ = {isa = PBXBuildFile; fileRef = D73A67DD2A9B928C00DA5ADE /* String+Extension.swift */; };
		D73A67E02A9B929500DA5ADE /* CGSize+Extension.swift in Sources */ = {isa = PBXBuildFile; fileRef = D73A67DF2A9B929500DA5ADE /* CGSize+Extension.swift */; };
		D73A67E22A9B929E00DA5ADE /* UIView+Extension.swift in Sources */ = {isa = PBXBuildFile; fileRef = D73A67E12A9B929E00DA5ADE /* UIView+Extension.swift */; };
		D73A67EA2A9B937800DA5ADE /* FormulaBasedEditor.xcdatamodeld in Sources */ = {isa = PBXBuildFile; fileRef = D73A67E82A9B937800DA5ADE /* FormulaBasedEditor.xcdatamodeld */; };
		D73A67F02A9B943C00DA5ADE /* Document.swift in Sources */ = {isa = PBXBuildFile; fileRef = D73A67EC2A9B943C00DA5ADE /* Document.swift */; };
		D73A68122A9B96C800DA5ADE /* TextAttachmentFactory.swift in Sources */ = {isa = PBXBuildFile; fileRef = D73A68112A9B96C800DA5ADE /* TextAttachmentFactory.swift */; };
		D73A68182A9B96EF00DA5ADE /* LaTeXParser.swift in Sources */ = {isa = PBXBuildFile; fileRef = D73A68152A9B96EF00DA5ADE /* LaTeXParser.swift */; };
		D73A68192A9B96EF00DA5ADE /* LaTeXScanner.swift in Sources */ = {isa = PBXBuildFile; fileRef = D73A68162A9B96EF00DA5ADE /* LaTeXScanner.swift */; };
		D73A681A2A9B96EF00DA5ADE /* LaTeXPrinter.swift in Sources */ = {isa = PBXBuildFile; fileRef = D73A68172A9B96EF00DA5ADE /* LaTeXPrinter.swift */; };
		D73A681E2A9B96FD00DA5ADE /* Token.swift in Sources */ = {isa = PBXBuildFile; fileRef = D73A681C2A9B96FD00DA5ADE /* Token.swift */; };
		D73A681F2A9B96FD00DA5ADE /* TokenType.swift in Sources */ = {isa = PBXBuildFile; fileRef = D73A681D2A9B96FD00DA5ADE /* TokenType.swift */; };
		D73A68212A9B970500DA5ADE /* Expression.swift in Sources */ = {isa = PBXBuildFile; fileRef = D73A68202A9B970500DA5ADE /* Expression.swift */; };
		D73A68252A9B971300DA5ADE /* FormulaTextAttachment.swift in Sources */ = {isa = PBXBuildFile; fileRef = D73A68232A9B971300DA5ADE /* FormulaTextAttachment.swift */; };
		D73A68292A9B974A00DA5ADE /* FormulaFactory.swift in Sources */ = {isa = PBXBuildFile; fileRef = D73A68282A9B974A00DA5ADE /* FormulaFactory.swift */; };
		D73A68312A9B977B00DA5ADE /* BinaryExpressionView.swift in Sources */ = {isa = PBXBuildFile; fileRef = D73A682D2A9B977B00DA5ADE /* BinaryExpressionView.swift */; };
		D73A68322A9B977B00DA5ADE /* BaseExpressionView.swift in Sources */ = {isa = PBXBuildFile; fileRef = D73A682E2A9B977B00DA5ADE /* BaseExpressionView.swift */; };
		D73A68332A9B977B00DA5ADE /* FractionExpressionView.swift in Sources */ = {isa = PBXBuildFile; fileRef = D73A682F2A9B977B00DA5ADE /* FractionExpressionView.swift */; };
		D73A68342A9B977B00DA5ADE /* ExpressionView.swift in Sources */ = {isa = PBXBuildFile; fileRef = D73A68302A9B977B00DA5ADE /* ExpressionView.swift */; };
		D73A68362A9B978200DA5ADE /* PowerExpressionView.swift in Sources */ = {isa = PBXBuildFile; fileRef = D73A68352A9B978200DA5ADE /* PowerExpressionView.swift */; };
		D73A68392A9B978800DA5ADE /* BraceExpressionView.swift in Sources */ = {isa = PBXBuildFile; fileRef = D73A68372A9B978800DA5ADE /* BraceExpressionView.swift */; };
		D73A683A2A9B978800DA5ADE /* GroupingExpressionView.swift in Sources */ = {isa = PBXBuildFile; fileRef = D73A68382A9B978800DA5ADE /* GroupingExpressionView.swift */; };
		D73A683C2A9B979700DA5ADE /* MathFormulaView.swift in Sources */ = {isa = PBXBuildFile; fileRef = D73A683B2A9B979700DA5ADE /* MathFormulaView.swift */; };
		D73A68572A9B98C600DA5ADE /* DocumentStorageManager.swift in Sources */ = {isa = PBXBuildFile; fileRef = D73A68562A9B98C600DA5ADE /* DocumentStorageManager.swift */; };
		D73A68592A9B9CBC00DA5ADE /* NSAttributedStringTransformer.swift in Sources */ = {isa = PBXBuildFile; fileRef = D73A68582A9B9CBC00DA5ADE /* NSAttributedStringTransformer.swift */; };
		D772B6512AA7347800ADE6C5 /* UIStackView+Extension.swift in Sources */ = {isa = PBXBuildFile; fileRef = D772B6502AA7347800ADE6C5 /* UIStackView+Extension.swift */; };
		D772B6582AA8FCFB00ADE6C5 /* CurrentDocumentTextView.swift in Sources */ = {isa = PBXBuildFile; fileRef = D772B6572AA8FCFB00ADE6C5 /* CurrentDocumentTextView.swift */; };
		D772B65A2AA9250600ADE6C5 /* Date+Extension.swift in Sources */ = {isa = PBXBuildFile; fileRef = D772B6592AA9250600ADE6C5 /* Date+Extension.swift */; };
		D7BC27812AD1CA1600E96CF8 /* DocumentsInteractor.swift in Sources */ = {isa = PBXBuildFile; fileRef = D7BC27802AD1CA1600E96CF8 /* DocumentsInteractor.swift */; };
		D7BC27832AD1CA2500E96CF8 /* DocumentsPresenter.swift in Sources */ = {isa = PBXBuildFile; fileRef = D7BC27822AD1CA2500E96CF8 /* DocumentsPresenter.swift */; };
		D7BC27852AD1CA2C00E96CF8 /* DocumentsRouter.swift in Sources */ = {isa = PBXBuildFile; fileRef = D7BC27842AD1CA2C00E96CF8 /* DocumentsRouter.swift */; };
		D7BC27872AD1CA3500E96CF8 /* DocumentsView.swift in Sources */ = {isa = PBXBuildFile; fileRef = D7BC27862AD1CA3500E96CF8 /* DocumentsView.swift */; };
		D7BC278B2AD1D17E00E96CF8 /* DocumentsModuleBuilder.swift in Sources */ = {isa = PBXBuildFile; fileRef = D7BC278A2AD1D17E00E96CF8 /* DocumentsModuleBuilder.swift */; };
		D7BC278D2AD1D1EF00E96CF8 /* DocumentsDefaultInteractor.swift in Sources */ = {isa = PBXBuildFile; fileRef = D7BC278C2AD1D1EF00E96CF8 /* DocumentsDefaultInteractor.swift */; };
		D7BC278F2AD1D1FA00E96CF8 /* DocumentsDefaultPresenter.swift in Sources */ = {isa = PBXBuildFile; fileRef = D7BC278E2AD1D1FA00E96CF8 /* DocumentsDefaultPresenter.swift */; };
		D7BC27912AD1D20000E96CF8 /* DocumentsDefaultRouter.swift in Sources */ = {isa = PBXBuildFile; fileRef = D7BC27902AD1D20000E96CF8 /* DocumentsDefaultRouter.swift */; };
		D7BC27932AD1D20600E96CF8 /* DocumentsDefaultView.swift in Sources */ = {isa = PBXBuildFile; fileRef = D7BC27922AD1D20600E96CF8 /* DocumentsDefaultView.swift */; };
		D7BC27972AD1D76D00E96CF8 /* UIViewController+Extension.swift in Sources */ = {isa = PBXBuildFile; fileRef = D7BC27962AD1D76D00E96CF8 /* UIViewController+Extension.swift */; };
		D7BC279B2AD1DC2400E96CF8 /* DocumentsCollectionView.swift in Sources */ = {isa = PBXBuildFile; fileRef = D7BC279A2AD1DC2400E96CF8 /* DocumentsCollectionView.swift */; };
		D7BC27AC2AD2082D00E96CF8 /* AddDocumentButton.swift in Sources */ = {isa = PBXBuildFile; fileRef = D7BC27AB2AD2082D00E96CF8 /* AddDocumentButton.swift */; };
		D7BC27B12AD2263700E96CF8 /* DocumentInteractor.swift in Sources */ = {isa = PBXBuildFile; fileRef = D7BC27B02AD2263700E96CF8 /* DocumentInteractor.swift */; };
		D7BC27B32AD2264000E96CF8 /* DocumentPresenter.swift in Sources */ = {isa = PBXBuildFile; fileRef = D7BC27B22AD2264000E96CF8 /* DocumentPresenter.swift */; };
		D7BC27B52AD2264700E96CF8 /* DocumentRouter.swift in Sources */ = {isa = PBXBuildFile; fileRef = D7BC27B42AD2264700E96CF8 /* DocumentRouter.swift */; };
		D7BC27B72AD2265000E96CF8 /* DocumentView.swift in Sources */ = {isa = PBXBuildFile; fileRef = D7BC27B62AD2265000E96CF8 /* DocumentView.swift */; };
		D7BC27BA2AD2287E00E96CF8 /* DocumentDefaultView.swift in Sources */ = {isa = PBXBuildFile; fileRef = D7BC27B92AD2287E00E96CF8 /* DocumentDefaultView.swift */; };
		D7BC27BC2AD2288B00E96CF8 /* DocumentDefaultInteractor.swift in Sources */ = {isa = PBXBuildFile; fileRef = D7BC27BB2AD2288B00E96CF8 /* DocumentDefaultInteractor.swift */; };
		D7BC27BE2AD2289500E96CF8 /* DocumentDefaultPresenter.swift in Sources */ = {isa = PBXBuildFile; fileRef = D7BC27BD2AD2289500E96CF8 /* DocumentDefaultPresenter.swift */; };
		D7BC27C02AD2289F00E96CF8 /* DocumentDefaultRouter.swift in Sources */ = {isa = PBXBuildFile; fileRef = D7BC27BF2AD2289F00E96CF8 /* DocumentDefaultRouter.swift */; };
		D7BC27C22AD228AD00E96CF8 /* DocumentModuleBuilder.swift in Sources */ = {isa = PBXBuildFile; fileRef = D7BC27C12AD228AD00E96CF8 /* DocumentModuleBuilder.swift */; };
		D7BC27C52AD2CD6800E96CF8 /* EquationNavigationButton.swift in Sources */ = {isa = PBXBuildFile; fileRef = D7BC27C42AD2CD6800E96CF8 /* EquationNavigationButton.swift */; };
		D7BC27C82AD304DB00E96CF8 /* FormulaContent.swift in Sources */ = {isa = PBXBuildFile; fileRef = D7BC27C72AD304DA00E96CF8 /* FormulaContent.swift */; };
		D7BC27CD2AD32B0E00E96CF8 /* FormulaInteractor.swift in Sources */ = {isa = PBXBuildFile; fileRef = D7BC27CC2AD32B0E00E96CF8 /* FormulaInteractor.swift */; };
		D7BC27CF2AD32B1500E96CF8 /* FormulaPresenter.swift in Sources */ = {isa = PBXBuildFile; fileRef = D7BC27CE2AD32B1500E96CF8 /* FormulaPresenter.swift */; };
		D7BC27D12AD32B2400E96CF8 /* FormulaRouter.swift in Sources */ = {isa = PBXBuildFile; fileRef = D7BC27D02AD32B2400E96CF8 /* FormulaRouter.swift */; };
		D7BC27D32AD32B6F00E96CF8 /* FormulaView.swift in Sources */ = {isa = PBXBuildFile; fileRef = D7BC27D22AD32B6F00E96CF8 /* FormulaView.swift */; };
		D7BC27D62AD32B7D00E96CF8 /* FormulaDefaultInteractor.swift in Sources */ = {isa = PBXBuildFile; fileRef = D7BC27D52AD32B7D00E96CF8 /* FormulaDefaultInteractor.swift */; };
		D7BC27D82AD32B8600E96CF8 /* FormulaDefaultPresenter.swift in Sources */ = {isa = PBXBuildFile; fileRef = D7BC27D72AD32B8600E96CF8 /* FormulaDefaultPresenter.swift */; };
		D7BC27DA2AD32B9200E96CF8 /* FormulaDefaultRouter.swift in Sources */ = {isa = PBXBuildFile; fileRef = D7BC27D92AD32B9200E96CF8 /* FormulaDefaultRouter.swift */; };
		D7BC27DC2AD32B9A00E96CF8 /* FormulaDefaultView.swift in Sources */ = {isa = PBXBuildFile; fileRef = D7BC27DB2AD32B9A00E96CF8 /* FormulaDefaultView.swift */; };
		D7BC27DF2AD339FC00E96CF8 /* FormulaTextView.swift in Sources */ = {isa = PBXBuildFile; fileRef = D7BC27DE2AD339FC00E96CF8 /* FormulaTextView.swift */; };
		D7BC27E12AD34ACF00E96CF8 /* FormulaRenderButton.swift in Sources */ = {isa = PBXBuildFile; fileRef = D7BC27E02AD34ACF00E96CF8 /* FormulaRenderButton.swift */; };
		D7BC27E32AD36B0400E96CF8 /* FormulaModuleBuilder.swift in Sources */ = {isa = PBXBuildFile; fileRef = D7BC27E22AD36B0400E96CF8 /* FormulaModuleBuilder.swift */; };
		D7BC27E52AD36CFE00E96CF8 /* FormulaOutput.swift in Sources */ = {isa = PBXBuildFile; fileRef = D7BC27E42AD36CFE00E96CF8 /* FormulaOutput.swift */; };
/* End PBXBuildFile section */

/* Begin PBXFileReference section */
		D73A67C42A9B8CAF00DA5ADE /* FormulaBasedEditor.app */ = {isa = PBXFileReference; explicitFileType = wrapper.application; includeInIndex = 0; path = FormulaBasedEditor.app; sourceTree = BUILT_PRODUCTS_DIR; };
		D73A67C72A9B8CAF00DA5ADE /* AppDelegate.swift */ = {isa = PBXFileReference; lastKnownFileType = sourcecode.swift; path = AppDelegate.swift; sourceTree = "<group>"; };
		D73A67C92A9B8CAF00DA5ADE /* SceneDelegate.swift */ = {isa = PBXFileReference; lastKnownFileType = sourcecode.swift; path = SceneDelegate.swift; sourceTree = "<group>"; };
		D73A67D02A9B8CB000DA5ADE /* Assets.xcassets */ = {isa = PBXFileReference; lastKnownFileType = folder.assetcatalog; path = Assets.xcassets; sourceTree = "<group>"; };
		D73A67D32A9B8CB000DA5ADE /* Base */ = {isa = PBXFileReference; lastKnownFileType = file.storyboard; name = Base; path = Base.lproj/LaunchScreen.storyboard; sourceTree = "<group>"; };
		D73A67D52A9B8CB000DA5ADE /* Info.plist */ = {isa = PBXFileReference; lastKnownFileType = text.plist.xml; path = Info.plist; sourceTree = "<group>"; };
		D73A67DD2A9B928C00DA5ADE /* String+Extension.swift */ = {isa = PBXFileReference; lastKnownFileType = sourcecode.swift; path = "String+Extension.swift"; sourceTree = "<group>"; };
		D73A67DF2A9B929500DA5ADE /* CGSize+Extension.swift */ = {isa = PBXFileReference; lastKnownFileType = sourcecode.swift; path = "CGSize+Extension.swift"; sourceTree = "<group>"; };
		D73A67E12A9B929E00DA5ADE /* UIView+Extension.swift */ = {isa = PBXFileReference; lastKnownFileType = sourcecode.swift; path = "UIView+Extension.swift"; sourceTree = "<group>"; };
		D73A67E92A9B937800DA5ADE /* FormulaBasedEditor.xcdatamodel */ = {isa = PBXFileReference; lastKnownFileType = wrapper.xcdatamodel; path = FormulaBasedEditor.xcdatamodel; sourceTree = "<group>"; };
		D73A67EC2A9B943C00DA5ADE /* Document.swift */ = {isa = PBXFileReference; lastKnownFileType = sourcecode.swift; path = Document.swift; sourceTree = "<group>"; };
		D73A68112A9B96C800DA5ADE /* TextAttachmentFactory.swift */ = {isa = PBXFileReference; fileEncoding = 4; lastKnownFileType = sourcecode.swift; path = TextAttachmentFactory.swift; sourceTree = "<group>"; };
		D73A68152A9B96EF00DA5ADE /* LaTeXParser.swift */ = {isa = PBXFileReference; fileEncoding = 4; lastKnownFileType = sourcecode.swift; path = LaTeXParser.swift; sourceTree = "<group>"; };
		D73A68162A9B96EF00DA5ADE /* LaTeXScanner.swift */ = {isa = PBXFileReference; fileEncoding = 4; lastKnownFileType = sourcecode.swift; path = LaTeXScanner.swift; sourceTree = "<group>"; };
		D73A68172A9B96EF00DA5ADE /* LaTeXPrinter.swift */ = {isa = PBXFileReference; fileEncoding = 4; lastKnownFileType = sourcecode.swift; path = LaTeXPrinter.swift; sourceTree = "<group>"; };
		D73A681C2A9B96FD00DA5ADE /* Token.swift */ = {isa = PBXFileReference; fileEncoding = 4; lastKnownFileType = sourcecode.swift; path = Token.swift; sourceTree = "<group>"; };
		D73A681D2A9B96FD00DA5ADE /* TokenType.swift */ = {isa = PBXFileReference; fileEncoding = 4; lastKnownFileType = sourcecode.swift; path = TokenType.swift; sourceTree = "<group>"; };
		D73A68202A9B970500DA5ADE /* Expression.swift */ = {isa = PBXFileReference; fileEncoding = 4; lastKnownFileType = sourcecode.swift; path = Expression.swift; sourceTree = "<group>"; };
		D73A68232A9B971300DA5ADE /* FormulaTextAttachment.swift */ = {isa = PBXFileReference; fileEncoding = 4; lastKnownFileType = sourcecode.swift; path = FormulaTextAttachment.swift; sourceTree = "<group>"; };
		D73A68282A9B974A00DA5ADE /* FormulaFactory.swift */ = {isa = PBXFileReference; fileEncoding = 4; lastKnownFileType = sourcecode.swift; path = FormulaFactory.swift; sourceTree = "<group>"; };
		D73A682D2A9B977B00DA5ADE /* BinaryExpressionView.swift */ = {isa = PBXFileReference; fileEncoding = 4; lastKnownFileType = sourcecode.swift; path = BinaryExpressionView.swift; sourceTree = "<group>"; };
		D73A682E2A9B977B00DA5ADE /* BaseExpressionView.swift */ = {isa = PBXFileReference; fileEncoding = 4; lastKnownFileType = sourcecode.swift; path = BaseExpressionView.swift; sourceTree = "<group>"; };
		D73A682F2A9B977B00DA5ADE /* FractionExpressionView.swift */ = {isa = PBXFileReference; fileEncoding = 4; lastKnownFileType = sourcecode.swift; path = FractionExpressionView.swift; sourceTree = "<group>"; };
		D73A68302A9B977B00DA5ADE /* ExpressionView.swift */ = {isa = PBXFileReference; fileEncoding = 4; lastKnownFileType = sourcecode.swift; path = ExpressionView.swift; sourceTree = "<group>"; };
		D73A68352A9B978200DA5ADE /* PowerExpressionView.swift */ = {isa = PBXFileReference; fileEncoding = 4; lastKnownFileType = sourcecode.swift; path = PowerExpressionView.swift; sourceTree = "<group>"; };
		D73A68372A9B978800DA5ADE /* BraceExpressionView.swift */ = {isa = PBXFileReference; fileEncoding = 4; lastKnownFileType = sourcecode.swift; path = BraceExpressionView.swift; sourceTree = "<group>"; };
		D73A68382A9B978800DA5ADE /* GroupingExpressionView.swift */ = {isa = PBXFileReference; fileEncoding = 4; lastKnownFileType = sourcecode.swift; path = GroupingExpressionView.swift; sourceTree = "<group>"; };
		D73A683B2A9B979700DA5ADE /* MathFormulaView.swift */ = {isa = PBXFileReference; fileEncoding = 4; lastKnownFileType = sourcecode.swift; path = MathFormulaView.swift; sourceTree = "<group>"; };
		D73A68562A9B98C600DA5ADE /* DocumentStorageManager.swift */ = {isa = PBXFileReference; lastKnownFileType = sourcecode.swift; path = DocumentStorageManager.swift; sourceTree = "<group>"; };
		D73A68582A9B9CBC00DA5ADE /* NSAttributedStringTransformer.swift */ = {isa = PBXFileReference; lastKnownFileType = sourcecode.swift; path = NSAttributedStringTransformer.swift; sourceTree = "<group>"; };
		D772B6502AA7347800ADE6C5 /* UIStackView+Extension.swift */ = {isa = PBXFileReference; lastKnownFileType = sourcecode.swift; path = "UIStackView+Extension.swift"; sourceTree = "<group>"; };
		D772B6572AA8FCFB00ADE6C5 /* CurrentDocumentTextView.swift */ = {isa = PBXFileReference; lastKnownFileType = sourcecode.swift; path = CurrentDocumentTextView.swift; sourceTree = "<group>"; };
		D772B6592AA9250600ADE6C5 /* Date+Extension.swift */ = {isa = PBXFileReference; lastKnownFileType = sourcecode.swift; path = "Date+Extension.swift"; sourceTree = "<group>"; };
		D7BC27802AD1CA1600E96CF8 /* DocumentsInteractor.swift */ = {isa = PBXFileReference; lastKnownFileType = sourcecode.swift; path = DocumentsInteractor.swift; sourceTree = "<group>"; };
		D7BC27822AD1CA2500E96CF8 /* DocumentsPresenter.swift */ = {isa = PBXFileReference; lastKnownFileType = sourcecode.swift; path = DocumentsPresenter.swift; sourceTree = "<group>"; };
		D7BC27842AD1CA2C00E96CF8 /* DocumentsRouter.swift */ = {isa = PBXFileReference; lastKnownFileType = sourcecode.swift; path = DocumentsRouter.swift; sourceTree = "<group>"; };
		D7BC27862AD1CA3500E96CF8 /* DocumentsView.swift */ = {isa = PBXFileReference; lastKnownFileType = sourcecode.swift; path = DocumentsView.swift; sourceTree = "<group>"; };
		D7BC278A2AD1D17E00E96CF8 /* DocumentsModuleBuilder.swift */ = {isa = PBXFileReference; lastKnownFileType = sourcecode.swift; path = DocumentsModuleBuilder.swift; sourceTree = "<group>"; };
		D7BC278C2AD1D1EF00E96CF8 /* DocumentsDefaultInteractor.swift */ = {isa = PBXFileReference; lastKnownFileType = sourcecode.swift; path = DocumentsDefaultInteractor.swift; sourceTree = "<group>"; };
		D7BC278E2AD1D1FA00E96CF8 /* DocumentsDefaultPresenter.swift */ = {isa = PBXFileReference; lastKnownFileType = sourcecode.swift; path = DocumentsDefaultPresenter.swift; sourceTree = "<group>"; };
		D7BC27902AD1D20000E96CF8 /* DocumentsDefaultRouter.swift */ = {isa = PBXFileReference; lastKnownFileType = sourcecode.swift; path = DocumentsDefaultRouter.swift; sourceTree = "<group>"; };
		D7BC27922AD1D20600E96CF8 /* DocumentsDefaultView.swift */ = {isa = PBXFileReference; lastKnownFileType = sourcecode.swift; path = DocumentsDefaultView.swift; sourceTree = "<group>"; };
		D7BC27962AD1D76D00E96CF8 /* UIViewController+Extension.swift */ = {isa = PBXFileReference; lastKnownFileType = sourcecode.swift; path = "UIViewController+Extension.swift"; sourceTree = "<group>"; };
		D7BC279A2AD1DC2400E96CF8 /* DocumentsCollectionView.swift */ = {isa = PBXFileReference; lastKnownFileType = sourcecode.swift; path = DocumentsCollectionView.swift; sourceTree = "<group>"; };
		D7BC27AB2AD2082D00E96CF8 /* AddDocumentButton.swift */ = {isa = PBXFileReference; lastKnownFileType = sourcecode.swift; path = AddDocumentButton.swift; sourceTree = "<group>"; };
		D7BC27B02AD2263700E96CF8 /* DocumentInteractor.swift */ = {isa = PBXFileReference; lastKnownFileType = sourcecode.swift; path = DocumentInteractor.swift; sourceTree = "<group>"; };
		D7BC27B22AD2264000E96CF8 /* DocumentPresenter.swift */ = {isa = PBXFileReference; lastKnownFileType = sourcecode.swift; path = DocumentPresenter.swift; sourceTree = "<group>"; };
		D7BC27B42AD2264700E96CF8 /* DocumentRouter.swift */ = {isa = PBXFileReference; lastKnownFileType = sourcecode.swift; path = DocumentRouter.swift; sourceTree = "<group>"; };
		D7BC27B62AD2265000E96CF8 /* DocumentView.swift */ = {isa = PBXFileReference; lastKnownFileType = sourcecode.swift; path = DocumentView.swift; sourceTree = "<group>"; };
		D7BC27B92AD2287E00E96CF8 /* DocumentDefaultView.swift */ = {isa = PBXFileReference; lastKnownFileType = sourcecode.swift; path = DocumentDefaultView.swift; sourceTree = "<group>"; };
		D7BC27BB2AD2288B00E96CF8 /* DocumentDefaultInteractor.swift */ = {isa = PBXFileReference; lastKnownFileType = sourcecode.swift; path = DocumentDefaultInteractor.swift; sourceTree = "<group>"; };
		D7BC27BD2AD2289500E96CF8 /* DocumentDefaultPresenter.swift */ = {isa = PBXFileReference; lastKnownFileType = sourcecode.swift; path = DocumentDefaultPresenter.swift; sourceTree = "<group>"; };
		D7BC27BF2AD2289F00E96CF8 /* DocumentDefaultRouter.swift */ = {isa = PBXFileReference; lastKnownFileType = sourcecode.swift; path = DocumentDefaultRouter.swift; sourceTree = "<group>"; };
		D7BC27C12AD228AD00E96CF8 /* DocumentModuleBuilder.swift */ = {isa = PBXFileReference; lastKnownFileType = sourcecode.swift; path = DocumentModuleBuilder.swift; sourceTree = "<group>"; };
		D7BC27C42AD2CD6800E96CF8 /* EquationNavigationButton.swift */ = {isa = PBXFileReference; lastKnownFileType = sourcecode.swift; path = EquationNavigationButton.swift; sourceTree = "<group>"; };
		D7BC27C72AD304DA00E96CF8 /* FormulaContent.swift */ = {isa = PBXFileReference; lastKnownFileType = sourcecode.swift; path = FormulaContent.swift; sourceTree = "<group>"; };
		D7BC27CC2AD32B0E00E96CF8 /* FormulaInteractor.swift */ = {isa = PBXFileReference; lastKnownFileType = sourcecode.swift; path = FormulaInteractor.swift; sourceTree = "<group>"; };
		D7BC27CE2AD32B1500E96CF8 /* FormulaPresenter.swift */ = {isa = PBXFileReference; lastKnownFileType = sourcecode.swift; path = FormulaPresenter.swift; sourceTree = "<group>"; };
		D7BC27D02AD32B2400E96CF8 /* FormulaRouter.swift */ = {isa = PBXFileReference; lastKnownFileType = sourcecode.swift; path = FormulaRouter.swift; sourceTree = "<group>"; };
		D7BC27D22AD32B6F00E96CF8 /* FormulaView.swift */ = {isa = PBXFileReference; lastKnownFileType = sourcecode.swift; path = FormulaView.swift; sourceTree = "<group>"; };
		D7BC27D52AD32B7D00E96CF8 /* FormulaDefaultInteractor.swift */ = {isa = PBXFileReference; lastKnownFileType = sourcecode.swift; path = FormulaDefaultInteractor.swift; sourceTree = "<group>"; };
		D7BC27D72AD32B8600E96CF8 /* FormulaDefaultPresenter.swift */ = {isa = PBXFileReference; lastKnownFileType = sourcecode.swift; path = FormulaDefaultPresenter.swift; sourceTree = "<group>"; };
		D7BC27D92AD32B9200E96CF8 /* FormulaDefaultRouter.swift */ = {isa = PBXFileReference; lastKnownFileType = sourcecode.swift; path = FormulaDefaultRouter.swift; sourceTree = "<group>"; };
		D7BC27DB2AD32B9A00E96CF8 /* FormulaDefaultView.swift */ = {isa = PBXFileReference; lastKnownFileType = sourcecode.swift; path = FormulaDefaultView.swift; sourceTree = "<group>"; };
		D7BC27DE2AD339FC00E96CF8 /* FormulaTextView.swift */ = {isa = PBXFileReference; lastKnownFileType = sourcecode.swift; path = FormulaTextView.swift; sourceTree = "<group>"; };
		D7BC27E02AD34ACF00E96CF8 /* FormulaRenderButton.swift */ = {isa = PBXFileReference; lastKnownFileType = sourcecode.swift; path = FormulaRenderButton.swift; sourceTree = "<group>"; };
		D7BC27E22AD36B0400E96CF8 /* FormulaModuleBuilder.swift */ = {isa = PBXFileReference; lastKnownFileType = sourcecode.swift; path = FormulaModuleBuilder.swift; sourceTree = "<group>"; };
		D7BC27E42AD36CFE00E96CF8 /* FormulaOutput.swift */ = {isa = PBXFileReference; lastKnownFileType = sourcecode.swift; path = FormulaOutput.swift; sourceTree = "<group>"; };
/* End PBXFileReference section */

/* Begin PBXFrameworksBuildPhase section */
		D73A67C12A9B8CAF00DA5ADE /* Frameworks */ = {
			isa = PBXFrameworksBuildPhase;
			buildActionMask = 2147483647;
			files = (
			);
			runOnlyForDeploymentPostprocessing = 0;
		};
/* End PBXFrameworksBuildPhase section */

/* Begin PBXGroup section */
		D73A67BB2A9B8CAF00DA5ADE = {
			isa = PBXGroup;
			children = (
				D73A67C62A9B8CAF00DA5ADE /* FormulaBasedEditor */,
				D73A67C52A9B8CAF00DA5ADE /* Products */,
			);
			sourceTree = "<group>";
		};
		D73A67C52A9B8CAF00DA5ADE /* Products */ = {
			isa = PBXGroup;
			children = (
				D73A67C42A9B8CAF00DA5ADE /* FormulaBasedEditor.app */,
			);
			name = Products;
			sourceTree = "<group>";
		};
		D73A67C62A9B8CAF00DA5ADE /* FormulaBasedEditor */ = {
			isa = PBXGroup;
			children = (
				D73A67C72A9B8CAF00DA5ADE /* AppDelegate.swift */,
				D73A67C92A9B8CAF00DA5ADE /* SceneDelegate.swift */,
				D73A67E52A9B931000DA5ADE /* Modules */,
				D73A67D02A9B8CB000DA5ADE /* Assets.xcassets */,
				D73A67D22A9B8CB000DA5ADE /* LaunchScreen.storyboard */,
				D73A67D52A9B8CB000DA5ADE /* Info.plist */,
			);
			path = FormulaBasedEditor;
			sourceTree = "<group>";
		};
		D73A67DC2A9B927400DA5ADE /* Extensions */ = {
			isa = PBXGroup;
			children = (
				D73A67DD2A9B928C00DA5ADE /* String+Extension.swift */,
				D73A67DF2A9B929500DA5ADE /* CGSize+Extension.swift */,
				D73A67E12A9B929E00DA5ADE /* UIView+Extension.swift */,
				D772B6502AA7347800ADE6C5 /* UIStackView+Extension.swift */,
				D772B6592AA9250600ADE6C5 /* Date+Extension.swift */,
				D7BC27962AD1D76D00E96CF8 /* UIViewController+Extension.swift */,
			);
			path = Extensions;
			sourceTree = "<group>";
		};
		D73A67E52A9B931000DA5ADE /* Modules */ = {
			isa = PBXGroup;
			children = (
				D7BC27892AD1D10400E96CF8 /* Base */,
				D73A67F32A9B962000DA5ADE /* Documents */,
				D73A68032A9B96A500DA5ADE /* Document */,
				D73A68262A9B973300DA5ADE /* Formula */,
			);
			path = Modules;
			sourceTree = "<group>";
		};
		D73A67E72A9B935A00DA5ADE /* CoreData */ = {
			isa = PBXGroup;
			children = (
				D73A67E82A9B937800DA5ADE /* FormulaBasedEditor.xcdatamodeld */,
			);
			path = CoreData;
			sourceTree = "<group>";
		};
		D73A67F32A9B962000DA5ADE /* Documents */ = {
			isa = PBXGroup;
			children = (
				D7BC277D2AD1C9D300E96CF8 /* Interfaces */,
				D7BC277F2AD1C9ED00E96CF8 /* Implementations */,
				D7BC277E2AD1C9E600E96CF8 /* Common */,
			);
			path = Documents;
			sourceTree = "<group>";
		};
		D73A68032A9B96A500DA5ADE /* Document */ = {
			isa = PBXGroup;
			children = (
				D7BC27AD2AD225F000E96CF8 /* Interfaces */,
				D7BC27AE2AD225F600E96CF8 /* Implementations */,
				D7BC27AF2AD2260300E96CF8 /* Common */,
			);
			path = Document;
			sourceTree = "<group>";
		};
		D73A68132A9B96D300DA5ADE /* AST */ = {
			isa = PBXGroup;
			children = (
				D73A68202A9B970500DA5ADE /* Expression.swift */,
				D73A68142A9B96E100DA5ADE /* FormulaSyntaxAnalyzers */,
				D73A681B2A9B96F500DA5ADE /* Token */,
			);
			path = AST;
			sourceTree = "<group>";
		};
		D73A68142A9B96E100DA5ADE /* FormulaSyntaxAnalyzers */ = {
			isa = PBXGroup;
			children = (
				D73A68162A9B96EF00DA5ADE /* LaTeXScanner.swift */,
				D73A68152A9B96EF00DA5ADE /* LaTeXParser.swift */,
				D73A68172A9B96EF00DA5ADE /* LaTeXPrinter.swift */,
			);
			path = FormulaSyntaxAnalyzers;
			sourceTree = "<group>";
		};
		D73A681B2A9B96F500DA5ADE /* Token */ = {
			isa = PBXGroup;
			children = (
				D73A681C2A9B96FD00DA5ADE /* Token.swift */,
				D73A681D2A9B96FD00DA5ADE /* TokenType.swift */,
			);
			path = Token;
			sourceTree = "<group>";
		};
		D73A68262A9B973300DA5ADE /* Formula */ = {
			isa = PBXGroup;
			children = (
				D7BC27CB2AD32B0200E96CF8 /* Interfaces */,
				D7BC27CA2AD32AF700E96CF8 /* Implementations */,
				D7BC27C92AD32AF200E96CF8 /* Common */,
			);
			path = Formula;
			sourceTree = "<group>";
		};
		D73A682B2A9B975200DA5ADE /* Expressions */ = {
			isa = PBXGroup;
			children = (
				D73A68302A9B977B00DA5ADE /* ExpressionView.swift */,
				D73A682E2A9B977B00DA5ADE /* BaseExpressionView.swift */,
				D73A682D2A9B977B00DA5ADE /* BinaryExpressionView.swift */,
				D73A682F2A9B977B00DA5ADE /* FractionExpressionView.swift */,
				D73A68352A9B978200DA5ADE /* PowerExpressionView.swift */,
				D73A68382A9B978800DA5ADE /* GroupingExpressionView.swift */,
				D73A68372A9B978800DA5ADE /* BraceExpressionView.swift */,
			);
			path = Expressions;
			sourceTree = "<group>";
		};
		D73A68552A9B98B100DA5ADE /* Services */ = {
			isa = PBXGroup;
			children = (
				D73A68562A9B98C600DA5ADE /* DocumentStorageManager.swift */,
			);
			path = Services;
			sourceTree = "<group>";
		};
		D7BC277D2AD1C9D300E96CF8 /* Interfaces */ = {
			isa = PBXGroup;
			children = (
				D7BC27802AD1CA1600E96CF8 /* DocumentsInteractor.swift */,
				D7BC27822AD1CA2500E96CF8 /* DocumentsPresenter.swift */,
				D7BC27842AD1CA2C00E96CF8 /* DocumentsRouter.swift */,
				D7BC27862AD1CA3500E96CF8 /* DocumentsView.swift */,
			);
			path = Interfaces;
			sourceTree = "<group>";
		};
		D7BC277E2AD1C9E600E96CF8 /* Common */ = {
			isa = PBXGroup;
			children = (
				D7BC27A72AD1E1D300E96CF8 /* Views */,
			);
			path = Common;
			sourceTree = "<group>";
		};
		D7BC277F2AD1C9ED00E96CF8 /* Implementations */ = {
			isa = PBXGroup;
			children = (
				D7BC278A2AD1D17E00E96CF8 /* DocumentsModuleBuilder.swift */,
				D7BC27882AD1D0FE00E96CF8 /* Default */,
			);
			path = Implementations;
			sourceTree = "<group>";
		};
		D7BC27882AD1D0FE00E96CF8 /* Default */ = {
			isa = PBXGroup;
			children = (
				D7BC278C2AD1D1EF00E96CF8 /* DocumentsDefaultInteractor.swift */,
				D7BC278E2AD1D1FA00E96CF8 /* DocumentsDefaultPresenter.swift */,
				D7BC27902AD1D20000E96CF8 /* DocumentsDefaultRouter.swift */,
				D7BC27922AD1D20600E96CF8 /* DocumentsDefaultView.swift */,
			);
			path = Default;
			sourceTree = "<group>";
		};
		D7BC27892AD1D10400E96CF8 /* Base */ = {
			isa = PBXGroup;
			children = (
				D73A68552A9B98B100DA5ADE /* Services */,
				D73A67DC2A9B927400DA5ADE /* Extensions */,
				D73A67E72A9B935A00DA5ADE /* CoreData */,
				D7BC27E62AD36F9D00E96CF8 /* Entities */,
			);
			path = Base;
			sourceTree = "<group>";
		};
		D7BC27A72AD1E1D300E96CF8 /* Views */ = {
			isa = PBXGroup;
			children = (
				D7BC279A2AD1DC2400E96CF8 /* DocumentsCollectionView.swift */,
				D7BC27AB2AD2082D00E96CF8 /* AddDocumentButton.swift */,
			);
			path = Views;
			sourceTree = "<group>";
		};
		D7BC27AD2AD225F000E96CF8 /* Interfaces */ = {
			isa = PBXGroup;
			children = (
				D7BC27B02AD2263700E96CF8 /* DocumentInteractor.swift */,
				D7BC27B22AD2264000E96CF8 /* DocumentPresenter.swift */,
				D7BC27B42AD2264700E96CF8 /* DocumentRouter.swift */,
				D7BC27B62AD2265000E96CF8 /* DocumentView.swift */,
			);
			path = Interfaces;
			sourceTree = "<group>";
		};
		D7BC27AE2AD225F600E96CF8 /* Implementations */ = {
			isa = PBXGroup;
			children = (
				D7BC27C12AD228AD00E96CF8 /* DocumentModuleBuilder.swift */,
				D7BC27B82AD2287300E96CF8 /* Default */,
			);
			path = Implementations;
			sourceTree = "<group>";
		};
		D7BC27AF2AD2260300E96CF8 /* Common */ = {
			isa = PBXGroup;
			children = (
				D7BC27C62AD304CE00E96CF8 /* Entities */,
				D7BC27C32AD2CD6200E96CF8 /* Views */,
			);
			path = Common;
			sourceTree = "<group>";
		};
		D7BC27B82AD2287300E96CF8 /* Default */ = {
			isa = PBXGroup;
			children = (
				D7BC27BB2AD2288B00E96CF8 /* DocumentDefaultInteractor.swift */,
				D7BC27BD2AD2289500E96CF8 /* DocumentDefaultPresenter.swift */,
				D7BC27BF2AD2289F00E96CF8 /* DocumentDefaultRouter.swift */,
				D7BC27B92AD2287E00E96CF8 /* DocumentDefaultView.swift */,
			);
			path = Default;
			sourceTree = "<group>";
		};
		D7BC27C32AD2CD6200E96CF8 /* Views */ = {
			isa = PBXGroup;
			children = (
				D7BC27C42AD2CD6800E96CF8 /* EquationNavigationButton.swift */,
				D772B6572AA8FCFB00ADE6C5 /* CurrentDocumentTextView.swift */,
				D73A68232A9B971300DA5ADE /* FormulaTextAttachment.swift */,
				D73A68112A9B96C800DA5ADE /* TextAttachmentFactory.swift */,
			);
			path = Views;
			sourceTree = "<group>";
		};
		D7BC27C62AD304CE00E96CF8 /* Entities */ = {
			isa = PBXGroup;
			children = (
				D7BC27C72AD304DA00E96CF8 /* FormulaContent.swift */,
			);
			path = Entities;
			sourceTree = "<group>";
		};
		D7BC27C92AD32AF200E96CF8 /* Common */ = {
			isa = PBXGroup;
			children = (
				D7BC27E72AD36FC600E96CF8 /* Entities */,
				D7BC27DD2AD330DD00E96CF8 /* Views */,
			);
			path = Common;
			sourceTree = "<group>";
		};
		D7BC27CA2AD32AF700E96CF8 /* Implementations */ = {
			isa = PBXGroup;
			children = (
				D7BC27E22AD36B0400E96CF8 /* FormulaModuleBuilder.swift */,
				D7BC27D42AD32B7300E96CF8 /* Default */,
			);
			path = Implementations;
			sourceTree = "<group>";
		};
		D7BC27CB2AD32B0200E96CF8 /* Interfaces */ = {
			isa = PBXGroup;
			children = (
				D7BC27CC2AD32B0E00E96CF8 /* FormulaInteractor.swift */,
				D7BC27CE2AD32B1500E96CF8 /* FormulaPresenter.swift */,
				D7BC27D02AD32B2400E96CF8 /* FormulaRouter.swift */,
				D7BC27D22AD32B6F00E96CF8 /* FormulaView.swift */,
				D7BC27E42AD36CFE00E96CF8 /* FormulaOutput.swift */,
			);
			path = Interfaces;
			sourceTree = "<group>";
		};
		D7BC27D42AD32B7300E96CF8 /* Default */ = {
			isa = PBXGroup;
			children = (
				D7BC27D52AD32B7D00E96CF8 /* FormulaDefaultInteractor.swift */,
				D7BC27D72AD32B8600E96CF8 /* FormulaDefaultPresenter.swift */,
				D7BC27D92AD32B9200E96CF8 /* FormulaDefaultRouter.swift */,
				D7BC27DB2AD32B9A00E96CF8 /* FormulaDefaultView.swift */,
			);
			path = Default;
			sourceTree = "<group>";
		};
		D7BC27DD2AD330DD00E96CF8 /* Views */ = {
			isa = PBXGroup;
			children = (
				D7BC27DE2AD339FC00E96CF8 /* FormulaTextView.swift */,
				D7BC27E02AD34ACF00E96CF8 /* FormulaRenderButton.swift */,
				D7BC27E82AD3717400E96CF8 /* MathFormula */,
			);
			path = Views;
			sourceTree = "<group>";
		};
		D7BC27E62AD36F9D00E96CF8 /* Entities */ = {
			isa = PBXGroup;
			children = (
				D73A67EC2A9B943C00DA5ADE /* Document.swift */,
				D73A68582A9B9CBC00DA5ADE /* NSAttributedStringTransformer.swift */,
			);
			path = Entities;
			sourceTree = "<group>";
		};
		D7BC27E72AD36FC600E96CF8 /* Entities */ = {
			isa = PBXGroup;
			children = (
				D73A68282A9B974A00DA5ADE /* FormulaFactory.swift */,
				D73A68132A9B96D300DA5ADE /* AST */,
			);
			path = Entities;
			sourceTree = "<group>";
		};
		D7BC27E82AD3717400E96CF8 /* MathFormula */ = {
			isa = PBXGroup;
			children = (
				D73A683B2A9B979700DA5ADE /* MathFormulaView.swift */,
				D73A682B2A9B975200DA5ADE /* Expressions */,
			);
			path = MathFormula;
			sourceTree = "<group>";
		};
/* End PBXGroup section */

/* Begin PBXNativeTarget section */
		D73A67C32A9B8CAF00DA5ADE /* FormulaBasedEditor */ = {
			isa = PBXNativeTarget;
			buildConfigurationList = D73A67D82A9B8CB000DA5ADE /* Build configuration list for PBXNativeTarget "FormulaBasedEditor" */;
			buildPhases = (
				D73A67C02A9B8CAF00DA5ADE /* Sources */,
				D73A67C12A9B8CAF00DA5ADE /* Frameworks */,
				D73A67C22A9B8CAF00DA5ADE /* Resources */,
			);
			buildRules = (
			);
			dependencies = (
			);
			name = FormulaBasedEditor;
			productName = FormulaBasedEditor;
			productReference = D73A67C42A9B8CAF00DA5ADE /* FormulaBasedEditor.app */;
			productType = "com.apple.product-type.application";
		};
/* End PBXNativeTarget section */

/* Begin PBXProject section */
		D73A67BC2A9B8CAF00DA5ADE /* Project object */ = {
			isa = PBXProject;
			attributes = {
				BuildIndependentTargetsInParallel = 1;
				LastSwiftUpdateCheck = 1420;
				LastUpgradeCheck = 1500;
				TargetAttributes = {
					D73A67C32A9B8CAF00DA5ADE = {
						CreatedOnToolsVersion = 14.2;
					};
				};
			};
			buildConfigurationList = D73A67BF2A9B8CAF00DA5ADE /* Build configuration list for PBXProject "FormulaBasedEditor" */;
			compatibilityVersion = "Xcode 14.0";
			developmentRegion = en;
			hasScannedForEncodings = 0;
			knownRegions = (
				en,
				Base,
			);
			mainGroup = D73A67BB2A9B8CAF00DA5ADE;
			productRefGroup = D73A67C52A9B8CAF00DA5ADE /* Products */;
			projectDirPath = "";
			projectRoot = "";
			targets = (
				D73A67C32A9B8CAF00DA5ADE /* FormulaBasedEditor */,
			);
		};
/* End PBXProject section */

/* Begin PBXResourcesBuildPhase section */
		D73A67C22A9B8CAF00DA5ADE /* Resources */ = {
			isa = PBXResourcesBuildPhase;
			buildActionMask = 2147483647;
			files = (
				D73A67D42A9B8CB000DA5ADE /* LaunchScreen.storyboard in Resources */,
				D73A67D12A9B8CB000DA5ADE /* Assets.xcassets in Resources */,
			);
			runOnlyForDeploymentPostprocessing = 0;
		};
/* End PBXResourcesBuildPhase section */

/* Begin PBXSourcesBuildPhase section */
		D73A67C02A9B8CAF00DA5ADE /* Sources */ = {
			isa = PBXSourcesBuildPhase;
			buildActionMask = 2147483647;
			files = (
				D73A68122A9B96C800DA5ADE /* TextAttachmentFactory.swift in Sources */,
				D7BC27DC2AD32B9A00E96CF8 /* FormulaDefaultView.swift in Sources */,
				D772B6512AA7347800ADE6C5 /* UIStackView+Extension.swift in Sources */,
				D7BC27CD2AD32B0E00E96CF8 /* FormulaInteractor.swift in Sources */,
				D73A67E22A9B929E00DA5ADE /* UIView+Extension.swift in Sources */,
				D7BC27BC2AD2288B00E96CF8 /* DocumentDefaultInteractor.swift in Sources */,
				D73A68362A9B978200DA5ADE /* PowerExpressionView.swift in Sources */,
				D7BC27E32AD36B0400E96CF8 /* FormulaModuleBuilder.swift in Sources */,
				D7BC27D12AD32B2400E96CF8 /* FormulaRouter.swift in Sources */,
				D7BC27DF2AD339FC00E96CF8 /* FormulaTextView.swift in Sources */,
				D73A68332A9B977B00DA5ADE /* FractionExpressionView.swift in Sources */,
				D7BC278F2AD1D1FA00E96CF8 /* DocumentsDefaultPresenter.swift in Sources */,
				D73A68572A9B98C600DA5ADE /* DocumentStorageManager.swift in Sources */,
				D7BC27912AD1D20000E96CF8 /* DocumentsDefaultRouter.swift in Sources */,
				D7BC27D82AD32B8600E96CF8 /* FormulaDefaultPresenter.swift in Sources */,
				D73A681A2A9B96EF00DA5ADE /* LaTeXPrinter.swift in Sources */,
				D73A67DE2A9B928C00DA5ADE /* String+Extension.swift in Sources */,
				D73A68182A9B96EF00DA5ADE /* LaTeXParser.swift in Sources */,
				D7BC27BE2AD2289500E96CF8 /* DocumentDefaultPresenter.swift in Sources */,
				D73A67EA2A9B937800DA5ADE /* FormulaBasedEditor.xcdatamodeld in Sources */,
				D73A681E2A9B96FD00DA5ADE /* Token.swift in Sources */,
				D7BC27872AD1CA3500E96CF8 /* DocumentsView.swift in Sources */,
				D7BC27D62AD32B7D00E96CF8 /* FormulaDefaultInteractor.swift in Sources */,
				D7BC27AC2AD2082D00E96CF8 /* AddDocumentButton.swift in Sources */,
				D7BC27832AD1CA2500E96CF8 /* DocumentsPresenter.swift in Sources */,
				D7BC27B12AD2263700E96CF8 /* DocumentInteractor.swift in Sources */,
				D73A67E02A9B929500DA5ADE /* CGSize+Extension.swift in Sources */,
				D73A683A2A9B978800DA5ADE /* GroupingExpressionView.swift in Sources */,
				D7BC27B32AD2264000E96CF8 /* DocumentPresenter.swift in Sources */,
				D7BC27C52AD2CD6800E96CF8 /* EquationNavigationButton.swift in Sources */,
				D7BC27D32AD32B6F00E96CF8 /* FormulaView.swift in Sources */,
				D7BC27932AD1D20600E96CF8 /* DocumentsDefaultView.swift in Sources */,
				D73A68392A9B978800DA5ADE /* BraceExpressionView.swift in Sources */,
				D7BC278D2AD1D1EF00E96CF8 /* DocumentsDefaultInteractor.swift in Sources */,
				D7BC27B52AD2264700E96CF8 /* DocumentRouter.swift in Sources */,
				D7BC27C22AD228AD00E96CF8 /* DocumentModuleBuilder.swift in Sources */,
				D7BC278B2AD1D17E00E96CF8 /* DocumentsModuleBuilder.swift in Sources */,
				D772B6582AA8FCFB00ADE6C5 /* CurrentDocumentTextView.swift in Sources */,
				D7BC27852AD1CA2C00E96CF8 /* DocumentsRouter.swift in Sources */,
				D7BC27972AD1D76D00E96CF8 /* UIViewController+Extension.swift in Sources */,
				D7BC27E12AD34ACF00E96CF8 /* FormulaRenderButton.swift in Sources */,
				D7BC27DA2AD32B9200E96CF8 /* FormulaDefaultRouter.swift in Sources */,
				D7BC27C82AD304DB00E96CF8 /* FormulaContent.swift in Sources */,
				D7BC27B72AD2265000E96CF8 /* DocumentView.swift in Sources */,
				D73A67F02A9B943C00DA5ADE /* Document.swift in Sources */,
				D73A68192A9B96EF00DA5ADE /* LaTeXScanner.swift in Sources */,
				D73A67C82A9B8CAF00DA5ADE /* AppDelegate.swift in Sources */,
				D772B65A2AA9250600ADE6C5 /* Date+Extension.swift in Sources */,
				D73A68252A9B971300DA5ADE /* FormulaTextAttachment.swift in Sources */,
				D7BC27E52AD36CFE00E96CF8 /* FormulaOutput.swift in Sources */,
				D7BC27C02AD2289F00E96CF8 /* DocumentDefaultRouter.swift in Sources */,
				D7BC27CF2AD32B1500E96CF8 /* FormulaPresenter.swift in Sources */,
				D73A68322A9B977B00DA5ADE /* BaseExpressionView.swift in Sources */,
				D7BC27BA2AD2287E00E96CF8 /* DocumentDefaultView.swift in Sources */,
				D73A683C2A9B979700DA5ADE /* MathFormulaView.swift in Sources */,
				D73A67CA2A9B8CAF00DA5ADE /* SceneDelegate.swift in Sources */,
				D7BC279B2AD1DC2400E96CF8 /* DocumentsCollectionView.swift in Sources */,
				D73A681F2A9B96FD00DA5ADE /* TokenType.swift in Sources */,
				D7BC27812AD1CA1600E96CF8 /* DocumentsInteractor.swift in Sources */,
				D73A68592A9B9CBC00DA5ADE /* NSAttributedStringTransformer.swift in Sources */,
				D73A68342A9B977B00DA5ADE /* ExpressionView.swift in Sources */,
				D73A68292A9B974A00DA5ADE /* FormulaFactory.swift in Sources */,
				D73A68212A9B970500DA5ADE /* Expression.swift in Sources */,
				D73A68312A9B977B00DA5ADE /* BinaryExpressionView.swift in Sources */,
			);
			runOnlyForDeploymentPostprocessing = 0;
		};
/* End PBXSourcesBuildPhase section */

/* Begin PBXVariantGroup section */
		D73A67D22A9B8CB000DA5ADE /* LaunchScreen.storyboard */ = {
			isa = PBXVariantGroup;
			children = (
				D73A67D32A9B8CB000DA5ADE /* Base */,
			);
			name = LaunchScreen.storyboard;
			sourceTree = "<group>";
		};
/* End PBXVariantGroup section */

/* Begin XCBuildConfiguration section */
		D73A67D62A9B8CB000DA5ADE /* Debug */ = {
			isa = XCBuildConfiguration;
			buildSettings = {
				ALWAYS_SEARCH_USER_PATHS = NO;
				CLANG_ANALYZER_NONNULL = YES;
				CLANG_ANALYZER_NUMBER_OBJECT_CONVERSION = YES_AGGRESSIVE;
				CLANG_CXX_LANGUAGE_STANDARD = "gnu++20";
				CLANG_ENABLE_MODULES = YES;
				CLANG_ENABLE_OBJC_ARC = YES;
				CLANG_ENABLE_OBJC_WEAK = YES;
				CLANG_WARN_BLOCK_CAPTURE_AUTORELEASING = YES;
				CLANG_WARN_BOOL_CONVERSION = YES;
				CLANG_WARN_COMMA = YES;
				CLANG_WARN_CONSTANT_CONVERSION = YES;
				CLANG_WARN_DEPRECATED_OBJC_IMPLEMENTATIONS = YES;
				CLANG_WARN_DIRECT_OBJC_ISA_USAGE = YES_ERROR;
				CLANG_WARN_DOCUMENTATION_COMMENTS = YES;
				CLANG_WARN_EMPTY_BODY = YES;
				CLANG_WARN_ENUM_CONVERSION = YES;
				CLANG_WARN_INFINITE_RECURSION = YES;
				CLANG_WARN_INT_CONVERSION = YES;
				CLANG_WARN_NON_LITERAL_NULL_CONVERSION = YES;
				CLANG_WARN_OBJC_IMPLICIT_RETAIN_SELF = YES;
				CLANG_WARN_OBJC_LITERAL_CONVERSION = YES;
				CLANG_WARN_OBJC_ROOT_CLASS = YES_ERROR;
				CLANG_WARN_QUOTED_INCLUDE_IN_FRAMEWORK_HEADER = YES;
				CLANG_WARN_RANGE_LOOP_ANALYSIS = YES;
				CLANG_WARN_STRICT_PROTOTYPES = YES;
				CLANG_WARN_SUSPICIOUS_MOVE = YES;
				CLANG_WARN_UNGUARDED_AVAILABILITY = YES_AGGRESSIVE;
				CLANG_WARN_UNREACHABLE_CODE = YES;
				CLANG_WARN__DUPLICATE_METHOD_MATCH = YES;
				COPY_PHASE_STRIP = NO;
				DEBUG_INFORMATION_FORMAT = dwarf;
				ENABLE_STRICT_OBJC_MSGSEND = YES;
				ENABLE_TESTABILITY = YES;
				ENABLE_USER_SCRIPT_SANDBOXING = YES;
				GCC_C_LANGUAGE_STANDARD = gnu11;
				GCC_DYNAMIC_NO_PIC = NO;
				GCC_NO_COMMON_BLOCKS = YES;
				GCC_OPTIMIZATION_LEVEL = 0;
				GCC_PREPROCESSOR_DEFINITIONS = (
					"DEBUG=1",
					"$(inherited)",
				);
				GCC_WARN_64_TO_32_BIT_CONVERSION = YES;
				GCC_WARN_ABOUT_RETURN_TYPE = YES_ERROR;
				GCC_WARN_UNDECLARED_SELECTOR = YES;
				GCC_WARN_UNINITIALIZED_AUTOS = YES_AGGRESSIVE;
				GCC_WARN_UNUSED_FUNCTION = YES;
				GCC_WARN_UNUSED_VARIABLE = YES;
				IPHONEOS_DEPLOYMENT_TARGET = 15.0;
				MTL_ENABLE_DEBUG_INFO = INCLUDE_SOURCE;
				MTL_FAST_MATH = YES;
				ONLY_ACTIVE_ARCH = YES;
				SDKROOT = iphoneos;
				SWIFT_ACTIVE_COMPILATION_CONDITIONS = DEBUG;
				SWIFT_OPTIMIZATION_LEVEL = "-Onone";
			};
			name = Debug;
		};
		D73A67D72A9B8CB000DA5ADE /* Release */ = {
			isa = XCBuildConfiguration;
			buildSettings = {
				ALWAYS_SEARCH_USER_PATHS = NO;
				CLANG_ANALYZER_NONNULL = YES;
				CLANG_ANALYZER_NUMBER_OBJECT_CONVERSION = YES_AGGRESSIVE;
				CLANG_CXX_LANGUAGE_STANDARD = "gnu++20";
				CLANG_ENABLE_MODULES = YES;
				CLANG_ENABLE_OBJC_ARC = YES;
				CLANG_ENABLE_OBJC_WEAK = YES;
				CLANG_WARN_BLOCK_CAPTURE_AUTORELEASING = YES;
				CLANG_WARN_BOOL_CONVERSION = YES;
				CLANG_WARN_COMMA = YES;
				CLANG_WARN_CONSTANT_CONVERSION = YES;
				CLANG_WARN_DEPRECATED_OBJC_IMPLEMENTATIONS = YES;
				CLANG_WARN_DIRECT_OBJC_ISA_USAGE = YES_ERROR;
				CLANG_WARN_DOCUMENTATION_COMMENTS = YES;
				CLANG_WARN_EMPTY_BODY = YES;
				CLANG_WARN_ENUM_CONVERSION = YES;
				CLANG_WARN_INFINITE_RECURSION = YES;
				CLANG_WARN_INT_CONVERSION = YES;
				CLANG_WARN_NON_LITERAL_NULL_CONVERSION = YES;
				CLANG_WARN_OBJC_IMPLICIT_RETAIN_SELF = YES;
				CLANG_WARN_OBJC_LITERAL_CONVERSION = YES;
				CLANG_WARN_OBJC_ROOT_CLASS = YES_ERROR;
				CLANG_WARN_QUOTED_INCLUDE_IN_FRAMEWORK_HEADER = YES;
				CLANG_WARN_RANGE_LOOP_ANALYSIS = YES;
				CLANG_WARN_STRICT_PROTOTYPES = YES;
				CLANG_WARN_SUSPICIOUS_MOVE = YES;
				CLANG_WARN_UNGUARDED_AVAILABILITY = YES_AGGRESSIVE;
				CLANG_WARN_UNREACHABLE_CODE = YES;
				CLANG_WARN__DUPLICATE_METHOD_MATCH = YES;
				COPY_PHASE_STRIP = NO;
				DEBUG_INFORMATION_FORMAT = "dwarf-with-dsym";
				ENABLE_NS_ASSERTIONS = NO;
				ENABLE_STRICT_OBJC_MSGSEND = YES;
				ENABLE_USER_SCRIPT_SANDBOXING = YES;
				GCC_C_LANGUAGE_STANDARD = gnu11;
				GCC_NO_COMMON_BLOCKS = YES;
				GCC_WARN_64_TO_32_BIT_CONVERSION = YES;
				GCC_WARN_ABOUT_RETURN_TYPE = YES_ERROR;
				GCC_WARN_UNDECLARED_SELECTOR = YES;
				GCC_WARN_UNINITIALIZED_AUTOS = YES_AGGRESSIVE;
				GCC_WARN_UNUSED_FUNCTION = YES;
				GCC_WARN_UNUSED_VARIABLE = YES;
				IPHONEOS_DEPLOYMENT_TARGET = 15.0;
				MTL_ENABLE_DEBUG_INFO = NO;
				MTL_FAST_MATH = YES;
				SDKROOT = iphoneos;
				SWIFT_COMPILATION_MODE = wholemodule;
				SWIFT_OPTIMIZATION_LEVEL = "-O";
				VALIDATE_PRODUCT = YES;
			};
			name = Release;
		};
		D73A67D92A9B8CB000DA5ADE /* Debug */ = {
			isa = XCBuildConfiguration;
			buildSettings = {
				ASSETCATALOG_COMPILER_APPICON_NAME = AppIcon;
				ASSETCATALOG_COMPILER_GLOBAL_ACCENT_COLOR_NAME = AccentColor;
				CODE_SIGN_STYLE = Automatic;
				CURRENT_PROJECT_VERSION = 1;
				DEVELOPMENT_TEAM = AUP52MS6LU;
				GENERATE_INFOPLIST_FILE = YES;
				INFOPLIST_FILE = FormulaBasedEditor/Info.plist;
				INFOPLIST_KEY_CFBundleDisplayName = xEditor;
				INFOPLIST_KEY_LSApplicationCategoryType = "public.app-category.productivity";
				INFOPLIST_KEY_UIApplicationSupportsIndirectInputEvents = YES;
				INFOPLIST_KEY_UILaunchStoryboardName = LaunchScreen;
				INFOPLIST_KEY_UISupportedInterfaceOrientations_iPad = "UIInterfaceOrientationPortrait UIInterfaceOrientationPortraitUpsideDown UIInterfaceOrientationLandscapeLeft UIInterfaceOrientationLandscapeRight";
				INFOPLIST_KEY_UISupportedInterfaceOrientations_iPhone = "UIInterfaceOrientationPortrait UIInterfaceOrientationLandscapeLeft UIInterfaceOrientationLandscapeRight";
				IPHONEOS_DEPLOYMENT_TARGET = 15.0;
				LD_RUNPATH_SEARCH_PATHS = (
					"$(inherited)",
					"@executable_path/Frameworks",
				);
				MARKETING_VERSION = 1.1;
				PRODUCT_BUNDLE_IDENTIFIER = com.snowlukin.FormulaBasedEditor;
				PRODUCT_NAME = "$(TARGET_NAME)";
				SWIFT_EMIT_LOC_STRINGS = YES;
				SWIFT_VERSION = 5.0;
				TARGETED_DEVICE_FAMILY = "1,2";
			};
			name = Debug;
		};
		D73A67DA2A9B8CB000DA5ADE /* Release */ = {
			isa = XCBuildConfiguration;
			buildSettings = {
				ASSETCATALOG_COMPILER_APPICON_NAME = AppIcon;
				ASSETCATALOG_COMPILER_GLOBAL_ACCENT_COLOR_NAME = AccentColor;
				CODE_SIGN_STYLE = Automatic;
				CURRENT_PROJECT_VERSION = 1;
				DEVELOPMENT_TEAM = AUP52MS6LU;
				GENERATE_INFOPLIST_FILE = YES;
				INFOPLIST_FILE = FormulaBasedEditor/Info.plist;
				INFOPLIST_KEY_CFBundleDisplayName = xEditor;
				INFOPLIST_KEY_LSApplicationCategoryType = "public.app-category.productivity";
				INFOPLIST_KEY_UIApplicationSupportsIndirectInputEvents = YES;
				INFOPLIST_KEY_UILaunchStoryboardName = LaunchScreen;
				INFOPLIST_KEY_UISupportedInterfaceOrientations_iPad = "UIInterfaceOrientationPortrait UIInterfaceOrientationPortraitUpsideDown UIInterfaceOrientationLandscapeLeft UIInterfaceOrientationLandscapeRight";
				INFOPLIST_KEY_UISupportedInterfaceOrientations_iPhone = "UIInterfaceOrientationPortrait UIInterfaceOrientationLandscapeLeft UIInterfaceOrientationLandscapeRight";
				IPHONEOS_DEPLOYMENT_TARGET = 15.0;
				LD_RUNPATH_SEARCH_PATHS = (
					"$(inherited)",
					"@executable_path/Frameworks",
				);
				MARKETING_VERSION = 1.1;
				PRODUCT_BUNDLE_IDENTIFIER = com.snowlukin.FormulaBasedEditor;
				PRODUCT_NAME = "$(TARGET_NAME)";
				SWIFT_EMIT_LOC_STRINGS = YES;
				SWIFT_VERSION = 5.0;
				TARGETED_DEVICE_FAMILY = "1,2";
			};
			name = Release;
		};
/* End XCBuildConfiguration section */

/* Begin XCConfigurationList section */
		D73A67BF2A9B8CAF00DA5ADE /* Build configuration list for PBXProject "FormulaBasedEditor" */ = {
			isa = XCConfigurationList;
			buildConfigurations = (
				D73A67D62A9B8CB000DA5ADE /* Debug */,
				D73A67D72A9B8CB000DA5ADE /* Release */,
			);
			defaultConfigurationIsVisible = 0;
			defaultConfigurationName = Release;
		};
		D73A67D82A9B8CB000DA5ADE /* Build configuration list for PBXNativeTarget "FormulaBasedEditor" */ = {
			isa = XCConfigurationList;
			buildConfigurations = (
				D73A67D92A9B8CB000DA5ADE /* Debug */,
				D73A67DA2A9B8CB000DA5ADE /* Release */,
			);
			defaultConfigurationIsVisible = 0;
			defaultConfigurationName = Release;
		};
/* End XCConfigurationList section */

/* Begin XCVersionGroup section */
		D73A67E82A9B937800DA5ADE /* FormulaBasedEditor.xcdatamodeld */ = {
			isa = XCVersionGroup;
			children = (
				D73A67E92A9B937800DA5ADE /* FormulaBasedEditor.xcdatamodel */,
			);
			currentVersion = D73A67E92A9B937800DA5ADE /* FormulaBasedEditor.xcdatamodel */;
			path = FormulaBasedEditor.xcdatamodeld;
			sourceTree = "<group>";
			versionGroupType = wrapper.xcdatamodel;
		};
/* End XCVersionGroup section */
	};
	rootObject = D73A67BC2A9B8CAF00DA5ADE /* Project object */;
}
